Microsoft Visual Studio Solution File, Format Version 12.00
# Visual Studio 15
VisualStudioVersion = 15.0.28307.572
MinimumVisualStudioVersion = 10.0.40219.1
Project("{8BC9CEB8-8B4A-11D0-8D11-00A0C91BC942}") = "irpmondll", "irpmondll\irpmondll.vcxproj", "{1F40723A-E076-49BF-82F7-86BF201CDF6F}"
EndProject
Project("{8BC9CEB8-8B4A-11D0-8D11-00A0C91BC942}") = "irpmndrv", "irpmndrv\irpmndrv.vcxproj", "{0517063E-35F2-48C6-AFAD-A427B1ADF49D}"
	ProjectSection(ProjectDependencies) = postProject
		{42B0C13C-CF65-4CC5-8BE9-15FC87E9604A} = {42B0C13C-CF65-4CC5-8BE9-15FC87E9604A}
		{9B737BC7-1EDA-4AB8-B1DF-9A8F66BBFED7} = {9B737BC7-1EDA-4AB8-B1DF-9A8F66BBFED7}
	EndProjectSection
EndProject
Project("{8BC9CEB8-8B4A-11D0-8D11-00A0C91BC942}") = "regman", "libregman\libregman.vcxproj", "{9B737BC7-1EDA-4AB8-B1DF-9A8F66BBFED7}"
	ProjectSection(ProjectDependencies) = postProject
		{42B0C13C-CF65-4CC5-8BE9-15FC87E9604A} = {42B0C13C-CF65-4CC5-8BE9-15FC87E9604A}
	EndProjectSection
EndProject
Project("{8BC9CEB8-8B4A-11D0-8D11-00A0C91BC942}") = "hexer", "parsers\hexer\hexer.vcxproj", "{1B0F5249-CA40-40BD-ACB6-D20F71171DFB}"
	ProjectSection(ProjectDependencies) = postProject
		{8E36960A-A377-4529-B0F3-6E365504C3E0} = {8E36960A-A377-4529-B0F3-6E365504C3E0}
	EndProjectSection
EndProject
Project("{8BC9CEB8-8B4A-11D0-8D11-00A0C91BC942}") = "secdesc", "parsers\secdesc\secdesc.vcxproj", "{59062ED3-7FC2-4280-A175-C00A916EED21}"
	ProjectSection(ProjectDependencies) = postProject
		{8E36960A-A377-4529-B0F3-6E365504C3E0} = {8E36960A-A377-4529-B0F3-6E365504C3E0}
	EndProjectSection
EndProject
Project("{2150E333-8FDC-42A3-9474-1A3956D46DE8}") = "Kernel", "Kernel", "{5FE904D0-AAD5-4CD7-A5C0-90374632507E}"
EndProject
Project("{2150E333-8FDC-42A3-9474-1A3956D46DE8}") = "User", "User", "{E22735F3-939B-4EC2-8761-33B38B315EDF}"
EndProject
Project("{2150E333-8FDC-42A3-9474-1A3956D46DE8}") = "Data Parsers", "Data Parsers", "{6A0129AE-1EF9-4105-94AA-10D899F59BAD}"
EndProject
Project("{8BC9CEB8-8B4A-11D0-8D11-00A0C91BC942}") = "pnp-ids", "parsers\pnp-ids\pnp-ids.vcxproj", "{2FAE9475-0B33-43F7-B8E5-001C43AD4A55}"
	ProjectSection(ProjectDependencies) = postProject
		{8E36960A-A377-4529-B0F3-6E365504C3E0} = {8E36960A-A377-4529-B0F3-6E365504C3E0}
	EndProjectSection
EndProject
Project("{8BC9CEB8-8B4A-11D0-8D11-00A0C91BC942}") = "pnp-devcaps", "parsers\pnp-devcaps\pnp-devcaps.vcxproj", "{2EF83781-8FBF-4046-BDDC-6B8DD6BDC84E}"
	ProjectSection(ProjectDependencies) = postProject
		{8E36960A-A377-4529-B0F3-6E365504C3E0} = {8E36960A-A377-4529-B0F3-6E365504C3E0}
	EndProjectSection
EndProject
Project("{8BC9CEB8-8B4A-11D0-8D11-00A0C91BC942}") = "keyboard", "parsers\keyboard\keyboard.vcxproj", "{D3DCD54C-C4A9-4A5F-968A-2D8B51F21AE2}"
	ProjectSection(ProjectDependencies) = postProject
		{8E36960A-A377-4529-B0F3-6E365504C3E0} = {8E36960A-A377-4529-B0F3-6E365504C3E0}
	EndProjectSection
EndProject
Project("{8BC9CEB8-8B4A-11D0-8D11-00A0C91BC942}") = "pnp-interface", "parsers\pnp-interface\pnp-interface.vcxproj", "{7F584E6B-56CF-4E31-8267-5BEE814D1513}"
	ProjectSection(ProjectDependencies) = postProject
		{8E36960A-A377-4529-B0F3-6E365504C3E0} = {8E36960A-A377-4529-B0F3-6E365504C3E0}
	EndProjectSection
EndProject
Project("{8BC9CEB8-8B4A-11D0-8D11-00A0C91BC942}") = "kbase", "kbase\kbase.vcxproj", "{42B0C13C-CF65-4CC5-8BE9-15FC87E9604A}"
EndProject
Project("{8BC9CEB8-8B4A-11D0-8D11-00A0C91BC942}") = "pbase", "parsers\pbase\pbase.vcxproj", "{8E36960A-A377-4529-B0F3-6E365504C3E0}"
EndProject
Project("{8BC9CEB8-8B4A-11D0-8D11-00A0C91BC942}") = "mouse", "parsers\mouse\mouse.vcxproj", "{59980423-D0FA-40AB-95C7-BEEB3385D236}"
	ProjectSection(ProjectDependencies) = postProject
		{8E36960A-A377-4529-B0F3-6E365504C3E0} = {8E36960A-A377-4529-B0F3-6E365504C3E0}
	EndProjectSection
EndProject
Project("{8BC9CEB8-8B4A-11D0-8D11-00A0C91BC942}") = "device-connector", "device-connector\device-connector.vcxproj", "{59868606-0068-49D8-A54D-25F5F30D793C}"
EndProject
Project("{8BC9CEB8-8B4A-11D0-8D11-00A0C91BC942}") = "network-connector", "network-connector\network-connector.vcxproj", "{E3D35568-6399-4251-A2AB-0FA5D1751FDF}"
EndProject
Project("{8BC9CEB8-8B4A-11D0-8D11-00A0C91BC942}") = "irpmon-server", "irpmon-server\irpmon-server.vcxproj", "{BE315922-05FB-4951-81ED-75B30F320CD6}"
	ProjectSection(ProjectDependencies) = postProject
		{59868606-0068-49D8-A54D-25F5F30D793C} = {59868606-0068-49D8-A54D-25F5F30D793C}
	EndProjectSection
EndProject
Project("{2150E333-8FDC-42A3-9474-1A3956D46DE8}") = "DLL Deciders", "DLL Deciders", "{0226C8E5-66D5-4A41-9D0C-347F4367FF4A}"
EndProject
Project("{8BC9CEB8-8B4A-11D0-8D11-00A0C91BC942}") = "decider-sample", "decider-sample\decider-sample.vcxproj", "{CE3539DF-4347-4731-88FF-E8AB4EEDF163}"
EndProject
Project("{8BC9CEB8-8B4A-11D0-8D11-00A0C91BC942}") = "ea", "parsers\ea\ea.vcxproj", "{4700F69A-25E3-4029-9A5B-269C06650646}"
	ProjectSection(ProjectDependencies) = postProject
		{8E36960A-A377-4529-B0F3-6E365504C3E0} = {8E36960A-A377-4529-B0F3-6E365504C3E0}
	EndProjectSection
EndProject
Project("{8BC9CEB8-8B4A-11D0-8D11-00A0C91BC942}") = "fileinfo", "parsers\fileinfo\fileinfo.vcxproj", "{0EEBC3E8-720B-4543-9B25-52CAF476B4FC}"
	ProjectSection(ProjectDependencies) = postProject
		{8E36960A-A377-4529-B0F3-6E365504C3E0} = {8E36960A-A377-4529-B0F3-6E365504C3E0}
	EndProjectSection
EndProject
Global
	GlobalSection(SolutionConfigurationPlatforms) = preSolution
		Debug|ARM = Debug|ARM
		Debug|ARM64 = Debug|ARM64
		Debug|Win32 = Debug|Win32
		Debug|x64 = Debug|x64
		Release|ARM = Release|ARM
		Release|ARM64 = Release|ARM64
		Release|Win32 = Release|Win32
		Release|x64 = Release|x64
	EndGlobalSection
	GlobalSection(ProjectConfigurationPlatforms) = postSolution
		{1F40723A-E076-49BF-82F7-86BF201CDF6F}.Debug|ARM.ActiveCfg = Debug|Win32
		{1F40723A-E076-49BF-82F7-86BF201CDF6F}.Debug|ARM64.ActiveCfg = Debug|Win32
		{1F40723A-E076-49BF-82F7-86BF201CDF6F}.Debug|Win32.ActiveCfg = Debug|Win32
		{1F40723A-E076-49BF-82F7-86BF201CDF6F}.Debug|Win32.Build.0 = Debug|Win32
		{1F40723A-E076-49BF-82F7-86BF201CDF6F}.Debug|Win32.Deploy.0 = Debug|Win32
		{1F40723A-E076-49BF-82F7-86BF201CDF6F}.Debug|x64.ActiveCfg = Debug|x64
		{1F40723A-E076-49BF-82F7-86BF201CDF6F}.Debug|x64.Build.0 = Debug|x64
		{1F40723A-E076-49BF-82F7-86BF201CDF6F}.Debug|x64.Deploy.0 = Debug|x64
		{1F40723A-E076-49BF-82F7-86BF201CDF6F}.Release|ARM.ActiveCfg = Release|Win32
		{1F40723A-E076-49BF-82F7-86BF201CDF6F}.Release|ARM64.ActiveCfg = Release|Win32
		{1F40723A-E076-49BF-82F7-86BF201CDF6F}.Release|Win32.ActiveCfg = Release|Win32
		{1F40723A-E076-49BF-82F7-86BF201CDF6F}.Release|Win32.Build.0 = Release|Win32
		{1F40723A-E076-49BF-82F7-86BF201CDF6F}.Release|Win32.Deploy.0 = Release|Win32
		{1F40723A-E076-49BF-82F7-86BF201CDF6F}.Release|x64.ActiveCfg = Release|x64
		{1F40723A-E076-49BF-82F7-86BF201CDF6F}.Release|x64.Build.0 = Release|x64
		{1F40723A-E076-49BF-82F7-86BF201CDF6F}.Release|x64.Deploy.0 = Release|x64
		{0517063E-35F2-48C6-AFAD-A427B1ADF49D}.Debug|ARM.ActiveCfg = Debug|Win32
		{0517063E-35F2-48C6-AFAD-A427B1ADF49D}.Debug|ARM64.ActiveCfg = Debug|Win32
		{0517063E-35F2-48C6-AFAD-A427B1ADF49D}.Debug|Win32.ActiveCfg = Debug|Win32
		{0517063E-35F2-48C6-AFAD-A427B1ADF49D}.Debug|Win32.Build.0 = Debug|Win32
		{0517063E-35F2-48C6-AFAD-A427B1ADF49D}.Debug|Win32.Deploy.0 = Debug|Win32
		{0517063E-35F2-48C6-AFAD-A427B1ADF49D}.Debug|x64.ActiveCfg = Debug|x64
		{0517063E-35F2-48C6-AFAD-A427B1ADF49D}.Debug|x64.Build.0 = Debug|x64
		{0517063E-35F2-48C6-AFAD-A427B1ADF49D}.Debug|x64.Deploy.0 = Debug|x64
		{0517063E-35F2-48C6-AFAD-A427B1ADF49D}.Release|ARM.ActiveCfg = Release|Win32
		{0517063E-35F2-48C6-AFAD-A427B1ADF49D}.Release|ARM64.ActiveCfg = Release|Win32
		{0517063E-35F2-48C6-AFAD-A427B1ADF49D}.Release|Win32.ActiveCfg = Release|Win32
		{0517063E-35F2-48C6-AFAD-A427B1ADF49D}.Release|Win32.Build.0 = Release|Win32
		{0517063E-35F2-48C6-AFAD-A427B1ADF49D}.Release|Win32.Deploy.0 = Release|Win32
		{0517063E-35F2-48C6-AFAD-A427B1ADF49D}.Release|x64.ActiveCfg = Release|x64
		{0517063E-35F2-48C6-AFAD-A427B1ADF49D}.Release|x64.Build.0 = Release|x64
		{0517063E-35F2-48C6-AFAD-A427B1ADF49D}.Release|x64.Deploy.0 = Release|x64
		{9B737BC7-1EDA-4AB8-B1DF-9A8F66BBFED7}.Debug|ARM.ActiveCfg = Debug|Win32
		{9B737BC7-1EDA-4AB8-B1DF-9A8F66BBFED7}.Debug|ARM64.ActiveCfg = Debug|Win32
		{9B737BC7-1EDA-4AB8-B1DF-9A8F66BBFED7}.Debug|Win32.ActiveCfg = Debug|Win32
		{9B737BC7-1EDA-4AB8-B1DF-9A8F66BBFED7}.Debug|Win32.Build.0 = Debug|Win32
		{9B737BC7-1EDA-4AB8-B1DF-9A8F66BBFED7}.Debug|Win32.Deploy.0 = Debug|Win32
		{9B737BC7-1EDA-4AB8-B1DF-9A8F66BBFED7}.Debug|x64.ActiveCfg = Debug|x64
		{9B737BC7-1EDA-4AB8-B1DF-9A8F66BBFED7}.Debug|x64.Build.0 = Debug|x64
		{9B737BC7-1EDA-4AB8-B1DF-9A8F66BBFED7}.Debug|x64.Deploy.0 = Debug|x64
		{9B737BC7-1EDA-4AB8-B1DF-9A8F66BBFED7}.Release|ARM.ActiveCfg = Release|Win32
		{9B737BC7-1EDA-4AB8-B1DF-9A8F66BBFED7}.Release|ARM64.ActiveCfg = Release|Win32
		{9B737BC7-1EDA-4AB8-B1DF-9A8F66BBFED7}.Release|Win32.ActiveCfg = Release|Win32
		{9B737BC7-1EDA-4AB8-B1DF-9A8F66BBFED7}.Release|Win32.Build.0 = Release|Win32
		{9B737BC7-1EDA-4AB8-B1DF-9A8F66BBFED7}.Release|Win32.Deploy.0 = Release|Win32
		{9B737BC7-1EDA-4AB8-B1DF-9A8F66BBFED7}.Release|x64.ActiveCfg = Release|x64
		{9B737BC7-1EDA-4AB8-B1DF-9A8F66BBFED7}.Release|x64.Build.0 = Release|x64
		{9B737BC7-1EDA-4AB8-B1DF-9A8F66BBFED7}.Release|x64.Deploy.0 = Release|x64
		{1B0F5249-CA40-40BD-ACB6-D20F71171DFB}.Debug|ARM.ActiveCfg = Debug|Win32
		{1B0F5249-CA40-40BD-ACB6-D20F71171DFB}.Debug|ARM64.ActiveCfg = Debug|Win32
		{1B0F5249-CA40-40BD-ACB6-D20F71171DFB}.Debug|Win32.ActiveCfg = Debug|Win32
		{1B0F5249-CA40-40BD-ACB6-D20F71171DFB}.Debug|Win32.Build.0 = Debug|Win32
		{1B0F5249-CA40-40BD-ACB6-D20F71171DFB}.Debug|x64.ActiveCfg = Debug|x64
		{1B0F5249-CA40-40BD-ACB6-D20F71171DFB}.Debug|x64.Build.0 = Debug|x64
		{1B0F5249-CA40-40BD-ACB6-D20F71171DFB}.Release|ARM.ActiveCfg = Release|Win32
		{1B0F5249-CA40-40BD-ACB6-D20F71171DFB}.Release|ARM64.ActiveCfg = Release|Win32
		{1B0F5249-CA40-40BD-ACB6-D20F71171DFB}.Release|Win32.ActiveCfg = Release|Win32
		{1B0F5249-CA40-40BD-ACB6-D20F71171DFB}.Release|Win32.Build.0 = Release|Win32
		{1B0F5249-CA40-40BD-ACB6-D20F71171DFB}.Release|x64.ActiveCfg = Release|x64
		{1B0F5249-CA40-40BD-ACB6-D20F71171DFB}.Release|x64.Build.0 = Release|x64
		{59062ED3-7FC2-4280-A175-C00A916EED21}.Debug|ARM.ActiveCfg = Debug|Win32
		{59062ED3-7FC2-4280-A175-C00A916EED21}.Debug|ARM64.ActiveCfg = Debug|Win32
		{59062ED3-7FC2-4280-A175-C00A916EED21}.Debug|Win32.ActiveCfg = Debug|Win32
		{59062ED3-7FC2-4280-A175-C00A916EED21}.Debug|Win32.Build.0 = Debug|Win32
		{59062ED3-7FC2-4280-A175-C00A916EED21}.Debug|x64.ActiveCfg = Debug|x64
		{59062ED3-7FC2-4280-A175-C00A916EED21}.Debug|x64.Build.0 = Debug|x64
		{59062ED3-7FC2-4280-A175-C00A916EED21}.Release|ARM.ActiveCfg = Release|Win32
		{59062ED3-7FC2-4280-A175-C00A916EED21}.Release|ARM64.ActiveCfg = Release|Win32
		{59062ED3-7FC2-4280-A175-C00A916EED21}.Release|Win32.ActiveCfg = Release|Win32
		{59062ED3-7FC2-4280-A175-C00A916EED21}.Release|Win32.Build.0 = Release|Win32
		{59062ED3-7FC2-4280-A175-C00A916EED21}.Release|x64.ActiveCfg = Release|x64
		{59062ED3-7FC2-4280-A175-C00A916EED21}.Release|x64.Build.0 = Release|x64
		{2FAE9475-0B33-43F7-B8E5-001C43AD4A55}.Debug|ARM.ActiveCfg = Debug|Win32
		{2FAE9475-0B33-43F7-B8E5-001C43AD4A55}.Debug|ARM64.ActiveCfg = Debug|Win32
		{2FAE9475-0B33-43F7-B8E5-001C43AD4A55}.Debug|Win32.ActiveCfg = Debug|Win32
		{2FAE9475-0B33-43F7-B8E5-001C43AD4A55}.Debug|Win32.Build.0 = Debug|Win32
		{2FAE9475-0B33-43F7-B8E5-001C43AD4A55}.Debug|x64.ActiveCfg = Debug|x64
		{2FAE9475-0B33-43F7-B8E5-001C43AD4A55}.Debug|x64.Build.0 = Debug|x64
		{2FAE9475-0B33-43F7-B8E5-001C43AD4A55}.Release|ARM.ActiveCfg = Release|Win32
		{2FAE9475-0B33-43F7-B8E5-001C43AD4A55}.Release|ARM64.ActiveCfg = Release|Win32
		{2FAE9475-0B33-43F7-B8E5-001C43AD4A55}.Release|Win32.ActiveCfg = Release|Win32
		{2FAE9475-0B33-43F7-B8E5-001C43AD4A55}.Release|Win32.Build.0 = Release|Win32
		{2FAE9475-0B33-43F7-B8E5-001C43AD4A55}.Release|x64.ActiveCfg = Release|x64
		{2FAE9475-0B33-43F7-B8E5-001C43AD4A55}.Release|x64.Build.0 = Release|x64
		{2EF83781-8FBF-4046-BDDC-6B8DD6BDC84E}.Debug|ARM.ActiveCfg = Debug|Win32
		{2EF83781-8FBF-4046-BDDC-6B8DD6BDC84E}.Debug|ARM64.ActiveCfg = Debug|Win32
		{2EF83781-8FBF-4046-BDDC-6B8DD6BDC84E}.Debug|Win32.ActiveCfg = Debug|Win32
		{2EF83781-8FBF-4046-BDDC-6B8DD6BDC84E}.Debug|Win32.Build.0 = Debug|Win32
		{2EF83781-8FBF-4046-BDDC-6B8DD6BDC84E}.Debug|x64.ActiveCfg = Debug|x64
		{2EF83781-8FBF-4046-BDDC-6B8DD6BDC84E}.Debug|x64.Build.0 = Debug|x64
		{2EF83781-8FBF-4046-BDDC-6B8DD6BDC84E}.Release|ARM.ActiveCfg = Release|Win32
		{2EF83781-8FBF-4046-BDDC-6B8DD6BDC84E}.Release|ARM64.ActiveCfg = Release|Win32
		{2EF83781-8FBF-4046-BDDC-6B8DD6BDC84E}.Release|Win32.ActiveCfg = Release|Win32
		{2EF83781-8FBF-4046-BDDC-6B8DD6BDC84E}.Release|Win32.Build.0 = Release|Win32
		{2EF83781-8FBF-4046-BDDC-6B8DD6BDC84E}.Release|x64.ActiveCfg = Release|x64
		{2EF83781-8FBF-4046-BDDC-6B8DD6BDC84E}.Release|x64.Build.0 = Release|x64
		{D3DCD54C-C4A9-4A5F-968A-2D8B51F21AE2}.Debug|ARM.ActiveCfg = Debug|Win32
		{D3DCD54C-C4A9-4A5F-968A-2D8B51F21AE2}.Debug|ARM64.ActiveCfg = Debug|Win32
		{D3DCD54C-C4A9-4A5F-968A-2D8B51F21AE2}.Debug|Win32.ActiveCfg = Debug|Win32
		{D3DCD54C-C4A9-4A5F-968A-2D8B51F21AE2}.Debug|Win32.Build.0 = Debug|Win32
		{D3DCD54C-C4A9-4A5F-968A-2D8B51F21AE2}.Debug|x64.ActiveCfg = Debug|x64
		{D3DCD54C-C4A9-4A5F-968A-2D8B51F21AE2}.Debug|x64.Build.0 = Debug|x64
		{D3DCD54C-C4A9-4A5F-968A-2D8B51F21AE2}.Release|ARM.ActiveCfg = Release|Win32
		{D3DCD54C-C4A9-4A5F-968A-2D8B51F21AE2}.Release|ARM64.ActiveCfg = Release|Win32
		{D3DCD54C-C4A9-4A5F-968A-2D8B51F21AE2}.Release|Win32.ActiveCfg = Release|Win32
		{D3DCD54C-C4A9-4A5F-968A-2D8B51F21AE2}.Release|Win32.Build.0 = Release|Win32
		{D3DCD54C-C4A9-4A5F-968A-2D8B51F21AE2}.Release|x64.ActiveCfg = Release|x64
		{D3DCD54C-C4A9-4A5F-968A-2D8B51F21AE2}.Release|x64.Build.0 = Release|x64
		{7F584E6B-56CF-4E31-8267-5BEE814D1513}.Debug|ARM.ActiveCfg = Debug|Win32
		{7F584E6B-56CF-4E31-8267-5BEE814D1513}.Debug|ARM64.ActiveCfg = Debug|Win32
		{7F584E6B-56CF-4E31-8267-5BEE814D1513}.Debug|Win32.ActiveCfg = Debug|Win32
		{7F584E6B-56CF-4E31-8267-5BEE814D1513}.Debug|Win32.Build.0 = Debug|Win32
		{7F584E6B-56CF-4E31-8267-5BEE814D1513}.Debug|x64.ActiveCfg = Debug|x64
		{7F584E6B-56CF-4E31-8267-5BEE814D1513}.Debug|x64.Build.0 = Debug|x64
		{7F584E6B-56CF-4E31-8267-5BEE814D1513}.Release|ARM.ActiveCfg = Release|Win32
		{7F584E6B-56CF-4E31-8267-5BEE814D1513}.Release|ARM64.ActiveCfg = Release|Win32
		{7F584E6B-56CF-4E31-8267-5BEE814D1513}.Release|Win32.ActiveCfg = Release|Win32
		{7F584E6B-56CF-4E31-8267-5BEE814D1513}.Release|Win32.Build.0 = Release|Win32
		{7F584E6B-56CF-4E31-8267-5BEE814D1513}.Release|x64.ActiveCfg = Release|x64
		{7F584E6B-56CF-4E31-8267-5BEE814D1513}.Release|x64.Build.0 = Release|x64
		{42B0C13C-CF65-4CC5-8BE9-15FC87E9604A}.Debug|ARM.ActiveCfg = Debug|Win32
		{42B0C13C-CF65-4CC5-8BE9-15FC87E9604A}.Debug|ARM64.ActiveCfg = Debug|Win32
		{42B0C13C-CF65-4CC5-8BE9-15FC87E9604A}.Debug|Win32.ActiveCfg = Debug|Win32
		{42B0C13C-CF65-4CC5-8BE9-15FC87E9604A}.Debug|Win32.Build.0 = Debug|Win32
		{42B0C13C-CF65-4CC5-8BE9-15FC87E9604A}.Debug|Win32.Deploy.0 = Debug|Win32
		{42B0C13C-CF65-4CC5-8BE9-15FC87E9604A}.Debug|x64.ActiveCfg = Debug|x64
		{42B0C13C-CF65-4CC5-8BE9-15FC87E9604A}.Debug|x64.Build.0 = Debug|x64
		{42B0C13C-CF65-4CC5-8BE9-15FC87E9604A}.Debug|x64.Deploy.0 = Debug|x64
		{42B0C13C-CF65-4CC5-8BE9-15FC87E9604A}.Release|ARM.ActiveCfg = Release|Win32
		{42B0C13C-CF65-4CC5-8BE9-15FC87E9604A}.Release|ARM64.ActiveCfg = Release|Win32
		{42B0C13C-CF65-4CC5-8BE9-15FC87E9604A}.Release|Win32.ActiveCfg = Release|Win32
		{42B0C13C-CF65-4CC5-8BE9-15FC87E9604A}.Release|Win32.Build.0 = Release|Win32
		{42B0C13C-CF65-4CC5-8BE9-15FC87E9604A}.Release|Win32.Deploy.0 = Release|Win32
		{42B0C13C-CF65-4CC5-8BE9-15FC87E9604A}.Release|x64.ActiveCfg = Release|x64
		{42B0C13C-CF65-4CC5-8BE9-15FC87E9604A}.Release|x64.Build.0 = Release|x64
		{42B0C13C-CF65-4CC5-8BE9-15FC87E9604A}.Release|x64.Deploy.0 = Release|x64
		{8E36960A-A377-4529-B0F3-6E365504C3E0}.Debug|ARM.ActiveCfg = Debug|Win32
		{8E36960A-A377-4529-B0F3-6E365504C3E0}.Debug|ARM64.ActiveCfg = Debug|Win32
		{8E36960A-A377-4529-B0F3-6E365504C3E0}.Debug|Win32.ActiveCfg = Debug|Win32
		{8E36960A-A377-4529-B0F3-6E365504C3E0}.Debug|Win32.Build.0 = Debug|Win32
		{8E36960A-A377-4529-B0F3-6E365504C3E0}.Debug|x64.ActiveCfg = Debug|x64
		{8E36960A-A377-4529-B0F3-6E365504C3E0}.Debug|x64.Build.0 = Debug|x64
		{8E36960A-A377-4529-B0F3-6E365504C3E0}.Release|ARM.ActiveCfg = Release|Win32
		{8E36960A-A377-4529-B0F3-6E365504C3E0}.Release|ARM64.ActiveCfg = Release|Win32
		{8E36960A-A377-4529-B0F3-6E365504C3E0}.Release|Win32.ActiveCfg = Release|Win32
		{8E36960A-A377-4529-B0F3-6E365504C3E0}.Release|Win32.Build.0 = Release|Win32
		{8E36960A-A377-4529-B0F3-6E365504C3E0}.Release|x64.ActiveCfg = Release|x64
		{8E36960A-A377-4529-B0F3-6E365504C3E0}.Release|x64.Build.0 = Release|x64
		{59980423-D0FA-40AB-95C7-BEEB3385D236}.Debug|ARM.ActiveCfg = Debug|Win32
		{59980423-D0FA-40AB-95C7-BEEB3385D236}.Debug|ARM64.ActiveCfg = Debug|Win32
		{59980423-D0FA-40AB-95C7-BEEB3385D236}.Debug|Win32.ActiveCfg = Debug|Win32
		{59980423-D0FA-40AB-95C7-BEEB3385D236}.Debug|Win32.Build.0 = Debug|Win32
		{59980423-D0FA-40AB-95C7-BEEB3385D236}.Debug|x64.ActiveCfg = Debug|x64
		{59980423-D0FA-40AB-95C7-BEEB3385D236}.Debug|x64.Build.0 = Debug|x64
		{59980423-D0FA-40AB-95C7-BEEB3385D236}.Release|ARM.ActiveCfg = Release|Win32
		{59980423-D0FA-40AB-95C7-BEEB3385D236}.Release|ARM64.ActiveCfg = Release|Win32
		{59980423-D0FA-40AB-95C7-BEEB3385D236}.Release|Win32.ActiveCfg = Release|Win32
		{59980423-D0FA-40AB-95C7-BEEB3385D236}.Release|Win32.Build.0 = Release|Win32
		{59980423-D0FA-40AB-95C7-BEEB3385D236}.Release|x64.ActiveCfg = Release|x64
		{59980423-D0FA-40AB-95C7-BEEB3385D236}.Release|x64.Build.0 = Release|x64
		{59868606-0068-49D8-A54D-25F5F30D793C}.Debug|ARM.ActiveCfg = Debug|Win32
		{59868606-0068-49D8-A54D-25F5F30D793C}.Debug|ARM64.ActiveCfg = Debug|Win32
		{59868606-0068-49D8-A54D-25F5F30D793C}.Debug|Win32.ActiveCfg = Debug|Win32
		{59868606-0068-49D8-A54D-25F5F30D793C}.Debug|Win32.Build.0 = Debug|Win32
		{59868606-0068-49D8-A54D-25F5F30D793C}.Debug|x64.ActiveCfg = Debug|x64
		{59868606-0068-49D8-A54D-25F5F30D793C}.Debug|x64.Build.0 = Debug|x64
		{59868606-0068-49D8-A54D-25F5F30D793C}.Release|ARM.ActiveCfg = Release|Win32
		{59868606-0068-49D8-A54D-25F5F30D793C}.Release|ARM64.ActiveCfg = Release|Win32
		{59868606-0068-49D8-A54D-25F5F30D793C}.Release|Win32.ActiveCfg = Release|Win32
		{59868606-0068-49D8-A54D-25F5F30D793C}.Release|Win32.Build.0 = Release|Win32
		{59868606-0068-49D8-A54D-25F5F30D793C}.Release|x64.ActiveCfg = Release|x64
		{59868606-0068-49D8-A54D-25F5F30D793C}.Release|x64.Build.0 = Release|x64
		{E3D35568-6399-4251-A2AB-0FA5D1751FDF}.Debug|ARM.ActiveCfg = Debug|Win32
		{E3D35568-6399-4251-A2AB-0FA5D1751FDF}.Debug|ARM64.ActiveCfg = Debug|Win32
		{E3D35568-6399-4251-A2AB-0FA5D1751FDF}.Debug|Win32.ActiveCfg = Debug|Win32
		{E3D35568-6399-4251-A2AB-0FA5D1751FDF}.Debug|Win32.Build.0 = Debug|Win32
		{E3D35568-6399-4251-A2AB-0FA5D1751FDF}.Debug|x64.ActiveCfg = Debug|x64
		{E3D35568-6399-4251-A2AB-0FA5D1751FDF}.Debug|x64.Build.0 = Debug|x64
		{E3D35568-6399-4251-A2AB-0FA5D1751FDF}.Release|ARM.ActiveCfg = Release|Win32
		{E3D35568-6399-4251-A2AB-0FA5D1751FDF}.Release|ARM64.ActiveCfg = Release|Win32
		{E3D35568-6399-4251-A2AB-0FA5D1751FDF}.Release|Win32.ActiveCfg = Release|Win32
		{E3D35568-6399-4251-A2AB-0FA5D1751FDF}.Release|Win32.Build.0 = Release|Win32
		{E3D35568-6399-4251-A2AB-0FA5D1751FDF}.Release|x64.ActiveCfg = Release|x64
		{E3D35568-6399-4251-A2AB-0FA5D1751FDF}.Release|x64.Build.0 = Release|x64
		{BE315922-05FB-4951-81ED-75B30F320CD6}.Debug|ARM.ActiveCfg = Debug|Win32
		{BE315922-05FB-4951-81ED-75B30F320CD6}.Debug|ARM64.ActiveCfg = Debug|Win32
		{BE315922-05FB-4951-81ED-75B30F320CD6}.Debug|Win32.ActiveCfg = Debug|Win32
		{BE315922-05FB-4951-81ED-75B30F320CD6}.Debug|Win32.Build.0 = Debug|Win32
		{BE315922-05FB-4951-81ED-75B30F320CD6}.Debug|x64.ActiveCfg = Debug|x64
		{BE315922-05FB-4951-81ED-75B30F320CD6}.Debug|x64.Build.0 = Debug|x64
		{BE315922-05FB-4951-81ED-75B30F320CD6}.Release|ARM.ActiveCfg = Release|Win32
		{BE315922-05FB-4951-81ED-75B30F320CD6}.Release|ARM64.ActiveCfg = Release|Win32
		{BE315922-05FB-4951-81ED-75B30F320CD6}.Release|Win32.ActiveCfg = Release|Win32
		{BE315922-05FB-4951-81ED-75B30F320CD6}.Release|Win32.Build.0 = Release|Win32
		{BE315922-05FB-4951-81ED-75B30F320CD6}.Release|x64.ActiveCfg = Release|x64
		{BE315922-05FB-4951-81ED-75B30F320CD6}.Release|x64.Build.0 = Release|x64
		{CE3539DF-4347-4731-88FF-E8AB4EEDF163}.Debug|ARM.ActiveCfg = Debug|Win32
		{CE3539DF-4347-4731-88FF-E8AB4EEDF163}.Debug|ARM64.ActiveCfg = Debug|Win32
		{CE3539DF-4347-4731-88FF-E8AB4EEDF163}.Debug|Win32.ActiveCfg = Debug|Win32
		{CE3539DF-4347-4731-88FF-E8AB4EEDF163}.Debug|x64.ActiveCfg = Debug|x64
		{CE3539DF-4347-4731-88FF-E8AB4EEDF163}.Release|ARM.ActiveCfg = Release|Win32
		{CE3539DF-4347-4731-88FF-E8AB4EEDF163}.Release|ARM64.ActiveCfg = Release|Win32
		{CE3539DF-4347-4731-88FF-E8AB4EEDF163}.Release|Win32.ActiveCfg = Release|Win32
		{CE3539DF-4347-4731-88FF-E8AB4EEDF163}.Release|x64.ActiveCfg = Release|x64
		{4700F69A-25E3-4029-9A5B-269C06650646}.Debug|ARM.ActiveCfg = Debug|Win32
		{4700F69A-25E3-4029-9A5B-269C06650646}.Debug|ARM64.ActiveCfg = Debug|Win32
		{4700F69A-25E3-4029-9A5B-269C06650646}.Debug|Win32.ActiveCfg = Debug|Win32
		{4700F69A-25E3-4029-9A5B-269C06650646}.Debug|Win32.Build.0 = Debug|Win32
		{4700F69A-25E3-4029-9A5B-269C06650646}.Debug|x64.ActiveCfg = Debug|x64
		{4700F69A-25E3-4029-9A5B-269C06650646}.Debug|x64.Build.0 = Debug|x64
		{4700F69A-25E3-4029-9A5B-269C06650646}.Release|ARM.ActiveCfg = Release|Win32
		{4700F69A-25E3-4029-9A5B-269C06650646}.Release|ARM64.ActiveCfg = Release|Win32
		{4700F69A-25E3-4029-9A5B-269C06650646}.Release|Win32.ActiveCfg = Release|Win32
		{4700F69A-25E3-4029-9A5B-269C06650646}.Release|Win32.Build.0 = Release|Win32
		{4700F69A-25E3-4029-9A5B-269C06650646}.Release|x64.ActiveCfg = Release|x64
		{4700F69A-25E3-4029-9A5B-269C06650646}.Release|x64.Build.0 = Release|x64
		{0EEBC3E8-720B-4543-9B25-52CAF476B4FC}.Debug|ARM.ActiveCfg = Debug|Win32
		{0EEBC3E8-720B-4543-9B25-52CAF476B4FC}.Debug|ARM64.ActiveCfg = Debug|Win32
		{0EEBC3E8-720B-4543-9B25-52CAF476B4FC}.Debug|Win32.ActiveCfg = Debug|Win32
		{0EEBC3E8-720B-4543-9B25-52CAF476B4FC}.Debug|Win32.Build.0 = Debug|Win32
		{0EEBC3E8-720B-4543-9B25-52CAF476B4FC}.Debug|x64.ActiveCfg = Debug|x64
		{0EEBC3E8-720B-4543-9B25-52CAF476B4FC}.Debug|x64.Build.0 = Debug|x64
		{0EEBC3E8-720B-4543-9B25-52CAF476B4FC}.Release|ARM.ActiveCfg = Release|Win32
		{0EEBC3E8-720B-4543-9B25-52CAF476B4FC}.Release|ARM64.ActiveCfg = Release|Win32
		{0EEBC3E8-720B-4543-9B25-52CAF476B4FC}.Release|Win32.ActiveCfg = Release|Win32
		{0EEBC3E8-720B-4543-9B25-52CAF476B4FC}.Release|Win32.Build.0 = Release|Win32
		{0EEBC3E8-720B-4543-9B25-52CAF476B4FC}.Release|x64.ActiveCfg = Release|x64
		{0EEBC3E8-720B-4543-9B25-52CAF476B4FC}.Release|x64.Build.0 = Release|x64
	EndGlobalSection
	GlobalSection(SolutionProperties) = preSolution
		HideSolutionNode = FALSE
	EndGlobalSection
	GlobalSection(NestedProjects) = preSolution
		{1F40723A-E076-49BF-82F7-86BF201CDF6F} = {E22735F3-939B-4EC2-8761-33B38B315EDF}
		{0517063E-35F2-48C6-AFAD-A427B1ADF49D} = {5FE904D0-AAD5-4CD7-A5C0-90374632507E}
		{9B737BC7-1EDA-4AB8-B1DF-9A8F66BBFED7} = {5FE904D0-AAD5-4CD7-A5C0-90374632507E}
		{1B0F5249-CA40-40BD-ACB6-D20F71171DFB} = {6A0129AE-1EF9-4105-94AA-10D899F59BAD}
		{59062ED3-7FC2-4280-A175-C00A916EED21} = {6A0129AE-1EF9-4105-94AA-10D899F59BAD}
		{2FAE9475-0B33-43F7-B8E5-001C43AD4A55} = {6A0129AE-1EF9-4105-94AA-10D899F59BAD}
		{2EF83781-8FBF-4046-BDDC-6B8DD6BDC84E} = {6A0129AE-1EF9-4105-94AA-10D899F59BAD}
		{D3DCD54C-C4A9-4A5F-968A-2D8B51F21AE2} = {6A0129AE-1EF9-4105-94AA-10D899F59BAD}
		{7F584E6B-56CF-4E31-8267-5BEE814D1513} = {6A0129AE-1EF9-4105-94AA-10D899F59BAD}
		{42B0C13C-CF65-4CC5-8BE9-15FC87E9604A} = {5FE904D0-AAD5-4CD7-A5C0-90374632507E}
		{8E36960A-A377-4529-B0F3-6E365504C3E0} = {6A0129AE-1EF9-4105-94AA-10D899F59BAD}
		{59980423-D0FA-40AB-95C7-BEEB3385D236} = {6A0129AE-1EF9-4105-94AA-10D899F59BAD}
		{59868606-0068-49D8-A54D-25F5F30D793C} = {E22735F3-939B-4EC2-8761-33B38B315EDF}
		{E3D35568-6399-4251-A2AB-0FA5D1751FDF} = {E22735F3-939B-4EC2-8761-33B38B315EDF}
		{BE315922-05FB-4951-81ED-75B30F320CD6} = {E22735F3-939B-4EC2-8761-33B38B315EDF}
		{CE3539DF-4347-4731-88FF-E8AB4EEDF163} = {0226C8E5-66D5-4A41-9D0C-347F4367FF4A}
		{4700F69A-25E3-4029-9A5B-269C06650646} = {6A0129AE-1EF9-4105-94AA-10D899F59BAD}
		{0EEBC3E8-720B-4543-9B25-52CAF476B4FC} = {6A0129AE-1EF9-4105-94AA-10D899F59BAD}
	EndGlobalSection
	GlobalSection(ExtensibilityGlobals) = postSolution
		SolutionGuid = {1780A1EC-E35B-4BB5-BC92-97AA7E63D2AE}
	EndGlobalSection
EndGlobal
