<?xml version="1.0" encoding="utf-8"?>
<Project ToolsVersion="4.0" xmlns="http://schemas.microsoft.com/developer/msbuild/2003">
  <ItemGroup>
    <Filter Include="Source Files">
      <UniqueIdentifier>{4FC737F1-C7A5-4376-A066-2A32D752A2FF}</UniqueIdentifier>
      <Extensions>cpp;c;cc;cxx;def;odl;idl;hpj;bat;asm;asmx</Extensions>
    </Filter>
    <Filter Include="Header Files">
      <UniqueIdentifier>{93995380-89BD-4b04-88EB-625FBE52EBFB}</UniqueIdentifier>
      <Extensions>h;hpp;hxx;hm;inl;inc;xsd</Extensions>
    </Filter>
    <Filter Include="Resource Files">
      <UniqueIdentifier>{67DA6AB6-F800-4c08-8B7A-83BB121AAD01}</UniqueIdentifier>
      <Extensions>rc;ico;cur;bmp;dlg;rc2;rct;bin;rgs;gif;jpg;jpeg;jpe;resx;tiff;tif;png;wav;mfcribbon-ms</Extensions>
    </Filter>
    <Filter Include="Driver Files">
      <UniqueIdentifier>{1a0e9459-ec00-486a-a7ea-cdeb36a16a27}</UniqueIdentifier>
    </Filter>
  </ItemGroup>
  <ItemGroup>
    <ClCompile Include="key-record.c">
      <Filter>Source Files</Filter>
    </ClCompile>
    <ClCompile Include="registry-callback.c">
      <Filter>Source Files</Filter>
    </ClCompile>
    <ClCompile Include="regman.c">
      <Filter>Source Files</Filter>
    </ClCompile>
    <ClCompile Include="value-record.c">
      <Filter>Source Files</Filter>
    </ClCompile>
  </ItemGroup>
  <ItemGroup>
    <ClInclude Include="key-record.h">
      <Filter>Header Files</Filter>
    </ClInclude>
    <ClInclude Include="registry-callback.h">
      <Filter>Header Files</Filter>
    </ClInclude>
    <ClInclude Include="value-record.h">
      <Filter>Header Files</Filter>
    </ClInclude>
    <ClInclude Include="..\include\regman.h">
      <Filter>Header Files</Filter>
    </ClInclude>
    <ClInclude Include="..\km-shared\preprocessor.h">
      <Filter>Header Files</Filter>
    </ClInclude>
  </ItemGroup>
  <ItemGroup>
    <None Include="regman.def">
      <Filter>Driver Files</Filter>
    </None>
  </ItemGroup>
</Project>