<?xml version="1.0" encoding="UTF-8"?>
<CONFIG>
  <ProjectOptions>
    <Version Value="9"/>
    <PathDelim Value="\"/>
    <General>
      <Flags>
        <MainUnitHasUsesSectionForAllUnits Value="False"/>
        <MainUnitHasCreateFormStatements Value="False"/>
        <MainUnitHasTitleStatement Value="False"/>
      </Flags>
      <SessionStorage Value="InProjectDir"/>
      <MainUnit Value="0"/>
      <Title Value="IRPMon"/>
      <UseAppBundle Value="False"/>
      <ResourceType Value="res"/>
    </General>
    <i18n>
      <EnableI18N LFM="False"/>
    </i18n>
    <VersionInfo>
      <UseVersionInfo Value="True"/>
      <MinorVersionNr Value="6"/>
      <Attributes pvaPreRelease="True"/>
      <StringTable CompanyName="Martin Dráb" FileDescription="IRP Monitor Application" InternalName="IrpMon" LegalCopyright="Copyright (c) Martin Dráb, 2015-2016" OriginalFilename="IrpMon.exe" ProductName="IrpMon" ProductVersion="0.6"/>
    </VersionInfo>
    <BuildModes Count="1">
      <Item1 Name="Default" Default="True"/>
    </BuildModes>
    <PublishOptions>
      <Version Value="2"/>
    </PublishOptions>
    <RunParams>
      <local>
        <FormatVersion Value="1"/>
      </local>
    </RunParams>
    <RequiredPackages Count="1">
      <Item1>
        <PackageName Value="LCL"/>
      </Item1>
    </RequiredPackages>
    <Units Count="22">
      <Unit0>
        <Filename Value="IRPMon.dpr"/>
        <IsPartOfProject Value="True"/>
      </Unit0>
      <Unit1>
        <Filename Value="MainForm.pas"/>
        <IsPartOfProject Value="True"/>
        <ComponentName Value="MainFrm"/>
        <HasResources Value="True"/>
        <ResourceBaseClass Value="Form"/>
      </Unit1>
      <Unit2>
        <Filename Value="IRPMonDll.pas"/>
        <IsPartOfProject Value="True"/>
      </Unit2>
      <Unit3>
        <Filename Value="IRPMonRequest.pas"/>
        <IsPartOfProject Value="True"/>
      </Unit3>
      <Unit4>
        <Filename Value="Utils.pas"/>
        <IsPartOfProject Value="True"/>
      </Unit4>
      <Unit5>
        <Filename Value="ListModel.pas"/>
        <IsPartOfProject Value="True"/>
      </Unit5>
      <Unit6>
        <Filename Value="RequestListModel.pas"/>
        <IsPartOfProject Value="True"/>
      </Unit6>
      <Unit7>
        <Filename Value="IRPRequest.pas"/>
        <IsPartOfProject Value="True"/>
      </Unit7>
      <Unit8>
        <Filename Value="NameTables.pas"/>
        <IsPartOfProject Value="True"/>
      </Unit8>
      <Unit9>
        <Filename Value="RequestFilter.pas"/>
        <IsPartOfProject Value="True"/>
      </Unit9>
      <Unit10>
        <Filename Value="TreeForm.pas"/>
        <IsPartOfProject Value="True"/>
        <HasResources Value="True"/>
      </Unit10>
      <Unit11>
        <Filename Value="HookObjects.pas"/>
        <IsPartOfProject Value="True"/>
      </Unit11>
      <Unit12>
        <Filename Value="HookProgressForm.pas"/>
        <IsPartOfProject Value="True"/>
        <HasResources Value="True"/>
      </Unit12>
      <Unit13>
        <Filename Value="RequestThread.pas"/>
        <IsPartOfProject Value="True"/>
      </Unit13>
      <Unit14>
        <Filename Value="RequestDetailsForm.pas"/>
        <IsPartOfProject Value="True"/>
        <HasResources Value="True"/>
      </Unit14>
      <Unit15>
        <Filename Value="AboutForm.pas"/>
        <IsPartOfProject Value="True"/>
        <HasResources Value="True"/>
      </Unit15>
      <Unit16>
        <Filename Value="ClassWatch.pas"/>
        <IsPartOfProject Value="True"/>
      </Unit16>
      <Unit17>
        <Filename Value="ClassWatchAdd.pas"/>
        <IsPartOfProject Value="True"/>
        <HasResources Value="True"/>
      </Unit17>
      <Unit18>
        <Filename Value="DriverNameWatchAddForm.pas"/>
        <IsPartOfProject Value="True"/>
        <HasResources Value="True"/>
      </Unit18>
      <Unit19>
        <Filename Value="WatchedDriverNames.pas"/>
        <IsPartOfProject Value="True"/>
      </Unit19>
      <Unit20>
        <Filename Value="XXXDetectedRequests.pas"/>
        <IsPartOfProject Value="True"/>
      </Unit20>
      <Unit21>
        <Filename Value="LibJSON.pas"/>
        <IsPartOfProject Value="True"/>
      </Unit21>
    </Units>
  </ProjectOptions>
  <CompilerOptions>
    <Version Value="11"/>
    <PathDelim Value="\"/>
    <Target>
      <Filename Value="..\bin\x64\Release\IRPMon"/>
    </Target>
    <SearchPaths>
      <IncludeFiles Value="$(ProjOutDir)"/>
      <OtherUnitFiles Value="fpc"/>
      <UnitOutputDirectory Value="..\tmp\IRPMon"/>
    </SearchPaths>
    <Parsing>
      <SyntaxOptions>
        <SyntaxMode Value="Delphi"/>
      </SyntaxOptions>
    </Parsing>
    <CodeGeneration>
      <TargetOS Value="win64"/>
    </CodeGeneration>
    <Linking>
      <Options>
        <Win32>
          <GraphicApplication Value="True"/>
        </Win32>
      </Options>
    </Linking>
  </CompilerOptions>
  <Debugging>
    <Exceptions Count="4">
      <Item1>
        <Name Value="EAbort"/>
      </Item1>
      <Item2>
        <Name Value="ECodetoolError"/>
      </Item2>
      <Item3>
        <Name Value="EFOpenError"/>
      </Item3>
      <Item4>
        <Name Value="Unknown"/>
      </Item4>
    </Exceptions>
  </Debugging>
</CONFIG>
