	<Project xmlns="http://schemas.microsoft.com/developer/msbuild/2003">
		<PropertyGroup>
			<ProjectGuid>{03627D89-6C7D-4A09-969B-20C709BF1C99}</ProjectGuid>
			<ProjectVersion>13.4</ProjectVersion>
			<FrameworkType>VCL</FrameworkType>
			<MainSource>IRPMon.dpr</MainSource>
			<Base>True</Base>
			<Config Condition="'$(Config)'==''">Debug</Config>
			<Platform Condition="'$(Platform)'==''">Win64</Platform>
			<TargetedPlatforms>3</TargetedPlatforms>
			<AppType>Application</AppType>
		</PropertyGroup>
		<PropertyGroup Condition="'$(Config)'=='Base' or '$(Base)'!=''">
			<Base>true</Base>
		</PropertyGroup>
		<PropertyGroup Condition="('$(Platform)'=='Win64' and '$(Base)'=='true') or '$(Base_Win64)'!=''">
			<Base_Win64>true</Base_Win64>
			<CfgParent>Base</CfgParent>
			<Base>true</Base>
		</PropertyGroup>
		<PropertyGroup Condition="('$(Platform)'=='Win32' and '$(Base)'=='true') or '$(Base_Win32)'!=''">
			<Base_Win32>true</Base_Win32>
			<CfgParent>Base</CfgParent>
			<Base>true</Base>
		</PropertyGroup>
		<PropertyGroup Condition="'$(Config)'=='Debug' or '$(Cfg_1)'!=''">
			<Cfg_1>true</Cfg_1>
			<CfgParent>Base</CfgParent>
			<Base>true</Base>
		</PropertyGroup>
		<PropertyGroup Condition="('$(Platform)'=='Win64' and '$(Cfg_1)'=='true') or '$(Cfg_1_Win64)'!=''">
			<Cfg_1_Win64>true</Cfg_1_Win64>
			<CfgParent>Cfg_1</CfgParent>
			<Cfg_1>true</Cfg_1>
			<Base>true</Base>
		</PropertyGroup>
		<PropertyGroup Condition="('$(Platform)'=='Win32' and '$(Cfg_1)'=='true') or '$(Cfg_1_Win32)'!=''">
			<Cfg_1_Win32>true</Cfg_1_Win32>
			<CfgParent>Cfg_1</CfgParent>
			<Cfg_1>true</Cfg_1>
			<Base>true</Base>
		</PropertyGroup>
		<PropertyGroup Condition="'$(Config)'=='Release' or '$(Cfg_2)'!=''">
			<Cfg_2>true</Cfg_2>
			<CfgParent>Base</CfgParent>
			<Base>true</Base>
		</PropertyGroup>
		<PropertyGroup Condition="('$(Platform)'=='Win64' and '$(Cfg_2)'=='true') or '$(Cfg_2_Win64)'!=''">
			<Cfg_2_Win64>true</Cfg_2_Win64>
			<CfgParent>Cfg_2</CfgParent>
			<Cfg_2>true</Cfg_2>
			<Base>true</Base>
		</PropertyGroup>
		<PropertyGroup Condition="('$(Platform)'=='Win32' and '$(Cfg_2)'=='true') or '$(Cfg_2_Win32)'!=''">
			<Cfg_2_Win32>true</Cfg_2_Win32>
			<CfgParent>Cfg_2</CfgParent>
			<Cfg_2>true</Cfg_2>
			<Base>true</Base>
		</PropertyGroup>
		<PropertyGroup Condition="'$(Base)'!=''">
			<VerInfo_Keys>CompanyName=;FileDescription=;FileVersion=1.0.0.0;InternalName=;LegalCopyright=;LegalTrademarks=;OriginalFilename=;ProductName=;ProductVersion=1.0.0.0;Comments=</VerInfo_Keys>
			<Manifest_File>$(BDS)\bin\default_app.manifest</Manifest_File>
			<VerInfo_Locale>1029</VerInfo_Locale>
			<DCC_Namespace>System;Xml;Data;Datasnap;Web;Soap;Vcl;Vcl.Imaging;Vcl.Touch;Vcl.Samples;Vcl.Shell;$(DCC_Namespace)</DCC_Namespace>
			<Icon_MainIcon>$(BDS)\bin\delphi_PROJECTICON.ico</Icon_MainIcon>
			<DCC_UsePackage>dbexpress;bindcompfmx;CustomIPTransport;dsnap;fmx;rtl;dbrtl;fmxase;IndyCore;bindcomp;IndySystem;DbxClientDriver;DBXInterBaseDriver;inet;fmxobj;xmlrtl;DbxCommonDriver;fmxdae;IndyProtocols;DBXMySQLDriver;dbxcds;bindengine;IPIndyImpl;$(DCC_UsePackage)</DCC_UsePackage>
			<DCC_DcuOutput>..\tmp\IRPMon\$(Platform)\$(Config)</DCC_DcuOutput>
			<DCC_ExeOutput>..\bin\$(Platform)\$(Config)</DCC_ExeOutput>
			<DCC_E>false</DCC_E>
			<DCC_N>false</DCC_N>
			<DCC_S>false</DCC_S>
			<DCC_F>false</DCC_F>
			<DCC_K>false</DCC_K>
		</PropertyGroup>
		<PropertyGroup Condition="'$(Base_Win64)'!=''">
			<DCC_UsePackage>bindcompvcl;vcltouch;VclSmp;vcl;dsnapcon;vclx;vclimg;vclactnband;vcldb;vcldsnap;$(DCC_UsePackage)</DCC_UsePackage>
			<VerInfo_IncludeVerInfo>true</VerInfo_IncludeVerInfo>
			<DCC_Namespace>Winapi;System.Win;Data.Win;Datasnap.Win;Web.Win;Soap.Win;Xml.Win;$(DCC_Namespace)</DCC_Namespace>
			<VerInfo_Locale>1033</VerInfo_Locale>
			<Manifest_File>$(BDS)\bin\default_app.manifest</Manifest_File>
		</PropertyGroup>
		<PropertyGroup Condition="'$(Base_Win32)'!=''">
			<DCC_UsePackage>bindcompvcl;vcltouch;vcldbx;VclSmp;vcl;CloudService;vclib;dsnapcon;vclx;svnui;ibxpress;svn;vclimg;fmi;bdertl;vclactnband;vcldb;adortl;vcldsnap;$(DCC_UsePackage)</DCC_UsePackage>
			<VerInfo_IncludeVerInfo>true</VerInfo_IncludeVerInfo>
			<DCC_Namespace>Winapi;System.Win;Data.Win;Datasnap.Win;Web.Win;Soap.Win;Xml.Win;Bde;$(DCC_Namespace)</DCC_Namespace>
			<VerInfo_Locale>1033</VerInfo_Locale>
			<Manifest_File>$(BDS)\bin\default_app.manifest</Manifest_File>
		</PropertyGroup>
		<PropertyGroup Condition="'$(Cfg_1)'!=''">
			<DCC_Define>DEBUG;$(DCC_Define)</DCC_Define>
			<DCC_Optimize>false</DCC_Optimize>
			<DCC_GenerateStackFrames>true</DCC_GenerateStackFrames>
			<DCC_DebugInfoInExe>true</DCC_DebugInfoInExe>
			<DCC_RemoteDebug>true</DCC_RemoteDebug>
		</PropertyGroup>
		<PropertyGroup Condition="'$(Cfg_1_Win64)'!=''">
			<DCC_ExeOutput>..\bin\x64\$(Config)</DCC_ExeOutput>
			<VerInfo_IncludeVerInfo>true</VerInfo_IncludeVerInfo>
			<VerInfo_Locale>1033</VerInfo_Locale>
		</PropertyGroup>
		<PropertyGroup Condition="'$(Cfg_1_Win32)'!=''">
			<Manifest_File>$(BDS)\bin\default_app.manifest</Manifest_File>
			<DCC_ExeOutput>..\bin\$(Platform)\$(Config)</DCC_ExeOutput>
			<VerInfo_IncludeVerInfo>true</VerInfo_IncludeVerInfo>
			<VerInfo_Locale>1033</VerInfo_Locale>
			<DCC_DcuOutput>..\tmp\IRPMon\$(Platform)\$(Config)</DCC_DcuOutput>
			<DCC_RemoteDebug>false</DCC_RemoteDebug>
		</PropertyGroup>
		<PropertyGroup Condition="'$(Cfg_2)'!=''">
			<DCC_LocalDebugSymbols>false</DCC_LocalDebugSymbols>
			<DCC_Define>RELEASE;$(DCC_Define)</DCC_Define>
			<DCC_SymbolReferenceInfo>0</DCC_SymbolReferenceInfo>
			<DCC_DebugInformation>false</DCC_DebugInformation>
		</PropertyGroup>
		<PropertyGroup Condition="'$(Cfg_2_Win64)'!=''">
			<DCC_ExeOutput>..\bin\x64\$(Config)</DCC_ExeOutput>
			<VerInfo_IncludeVerInfo>true</VerInfo_IncludeVerInfo>
			<VerInfo_AutoGenVersion>true</VerInfo_AutoGenVersion>
			<VerInfo_MajorVer>0</VerInfo_MajorVer>
			<VerInfo_MinorVer>5</VerInfo_MinorVer>
			<VerInfo_Build>100</VerInfo_Build>
			<VerInfo_Locale>1033</VerInfo_Locale>
			<VerInfo_Release>100</VerInfo_Release>
			<VerInfo_Keys>CompanyName=Martin Dráb;FileDescription=IRP Monitor GUI Application;FileVersion=0.5.100.100;InternalName=IRPMon.exe;LegalCopyright=Copyright (c) Martin Dráb, 2015-2016;LegalTrademarks=;OriginalFilename=IRPMon.exe;ProductName=IRP Monitor;ProductVersion=0.5.0.0;Comments=</VerInfo_Keys>
		</PropertyGroup>
		<PropertyGroup Condition="'$(Cfg_2_Win32)'!=''">
			<VerInfo_MinorVer>8</VerInfo_MinorVer>
			<VerInfo_MajorVer>0</VerInfo_MajorVer>
			<VerInfo_AutoGenVersion>true</VerInfo_AutoGenVersion>
			<VerInfo_Keys>CompanyName=Martin Drab;FileDescription=The IRPMon GUI Application;FileVersion=0.8.0.0;InternalName=IRPMon.exe;LegalCopyright=CopyRight (c) Martin Drab 2017;LegalTrademarks=;OriginalFilename=IRPMon.exe;ProductName=IRPMon;ProductVersion=0.8.0.0;Comments=This is released as a freeware</VerInfo_Keys>
			<VerInfo_IncludeVerInfo>true</VerInfo_IncludeVerInfo>
			<VerInfo_Locale>1033</VerInfo_Locale>
		</PropertyGroup>
		<ItemGroup>
			<DelphiCompile Include="$(MainSource)">
				<MainSource>MainSource</MainSource>
			</DelphiCompile>
			<RcCompile Include="uac.rc">
				<Form>uac.res</Form>
			</RcCompile>
			<DCCReference Include="MainForm.pas">
				<Form>MainFrm</Form>
			</DCCReference>
			<DCCReference Include="IRPMonDll.pas"/>
			<DCCReference Include="IRPMonRequest.pas"/>
			<DCCReference Include="Utils.pas"/>
			<DCCReference Include="ListModel.pas"/>
			<DCCReference Include="RequestListModel.pas"/>
			<DCCReference Include="IRPRequest.pas"/>
			<DCCReference Include="NameTables.pas"/>
			<DCCReference Include="RequestFilter.pas"/>
			<DCCReference Include="TreeForm.pas">
				<Form>TreeFrm</Form>
			</DCCReference>
			<DCCReference Include="HookObjects.pas"/>
			<DCCReference Include="HookProgressForm.pas">
				<Form>HookProgressFrm</Form>
			</DCCReference>
			<DCCReference Include="RequestThread.pas"/>
			<DCCReference Include="RequestDetailsForm.pas">
				<Form>RequestDetailsFrm</Form>
			</DCCReference>
			<DCCReference Include="AboutForm.pas">
				<Form>AboutBox</Form>
			</DCCReference>
			<DCCReference Include="ClassWatch.pas"/>
			<DCCReference Include="ClassWatchAdd.pas">
				<Form>ClassWatchAddFrm</Form>
				<FormType>dfm</FormType>
			</DCCReference>
			<DCCReference Include="DriverNameWatchAddForm.pas">
				<Form>DriverNameWatchAddFrm</Form>
				<FormType>dfm</FormType>
			</DCCReference>
			<DCCReference Include="WatchedDriverNames.pas"/>
			<DCCReference Include="XXXDetectedRequests.pas"/>
			<DCCReference Include="LibJSON.pas"/>
			<DCCReference Include="FastIoRequest.pas"/>
			<DCCReference Include="DataParsers.pas"/>
			<DCCReference Include="FileObjectNameXXXRequest.pas"/>
			<DCCReference Include="FillterForm.pas">
				<Form>FilterFrm</Form>
				<FormType>dfm</FormType>
			</DCCReference>
			<BuildConfiguration Include="Release">
				<Key>Cfg_2</Key>
				<CfgParent>Base</CfgParent>
			</BuildConfiguration>
			<BuildConfiguration Include="Base">
				<Key>Base</Key>
			</BuildConfiguration>
			<BuildConfiguration Include="Debug">
				<Key>Cfg_1</Key>
				<CfgParent>Base</CfgParent>
			</BuildConfiguration>
		</ItemGroup>
		<ProjectExtensions>
			<Borland.Personality>Delphi.Personality.12</Borland.Personality>
			<Borland.ProjectType/>
			<BorlandProject>
				<Delphi.Personality>
					<VersionInfo>
						<VersionInfo Name="IncludeVerInfo">False</VersionInfo>
						<VersionInfo Name="AutoIncBuild">False</VersionInfo>
						<VersionInfo Name="MajorVer">1</VersionInfo>
						<VersionInfo Name="MinorVer">0</VersionInfo>
						<VersionInfo Name="Release">0</VersionInfo>
						<VersionInfo Name="Build">0</VersionInfo>
						<VersionInfo Name="Debug">False</VersionInfo>
						<VersionInfo Name="PreRelease">False</VersionInfo>
						<VersionInfo Name="Special">False</VersionInfo>
						<VersionInfo Name="Private">False</VersionInfo>
						<VersionInfo Name="DLL">False</VersionInfo>
						<VersionInfo Name="Locale">1029</VersionInfo>
						<VersionInfo Name="CodePage">1250</VersionInfo>
					</VersionInfo>
					<VersionInfoKeys>
						<VersionInfoKeys Name="CompanyName"/>
						<VersionInfoKeys Name="FileDescription"/>
						<VersionInfoKeys Name="FileVersion">1.0.0.0</VersionInfoKeys>
						<VersionInfoKeys Name="InternalName"/>
						<VersionInfoKeys Name="LegalCopyright"/>
						<VersionInfoKeys Name="LegalTrademarks"/>
						<VersionInfoKeys Name="OriginalFilename"/>
						<VersionInfoKeys Name="ProductName"/>
						<VersionInfoKeys Name="ProductVersion">1.0.0.0</VersionInfoKeys>
						<VersionInfoKeys Name="Comments"/>
					</VersionInfoKeys>
					<Source>
						<Source Name="MainSource">IRPMon.dpr</Source>
					</Source>
				</Delphi.Personality>
				<Deployment/>
				<Platforms>
					<Platform value="Win64">True</Platform>
					<Platform value="Win32">True</Platform>
				</Platforms>
			</BorlandProject>
			<ProjectFileVersion>12</ProjectFileVersion>
		</ProjectExtensions>
		<Import Condition="Exists('$(BDS)\Bin\CodeGear.Delphi.Targets')" Project="$(BDS)\Bin\CodeGear.Delphi.Targets"/>
		<Import Condition="Exists('$(APPDATA)\Embarcadero\$(BDSAPPDATABASEDIR)\$(PRODUCTVERSION)\UserTools.proj')" Project="$(APPDATA)\Embarcadero\$(BDSAPPDATABASEDIR)\$(PRODUCTVERSION)\UserTools.proj"/>
	</Project>
